
Microsoft Visual Studio Solution File, Format Version 12.00
# Visual Studio Version 16
VisualStudioVersion = 16.0.30225.117
MinimumVisualStudioVersion = 10.0.40219.1
Project("{FAE04EC0-301F-11D3-BF4B-00C04F79EFBC}") = "Tydzien4Lekcja12", "Tydzien4Lekcja12\Tydzien4Lekcja12.csproj", "{D769B0C3-680D-4315-83A3-218201EC9201}"
EndProject
Global
	GlobalSection(SolutionConfigurationPlatforms) = preSolution
		Debug|Any CPU = Debug|Any CPU
		Release|Any CPU = Release|Any CPU
	EndGlobalSection
	GlobalSection(ProjectConfigurationPlatforms) = postSolution
		{D769B0C3-680D-4315-83A3-218201EC9201}.Debug|Any CPU.ActiveCfg = Debug|Any CPU
		{D769B0C3-680D-4315-83A3-218201EC9201}.Debug|Any CPU.Build.0 = Debug|Any CPU
		{D769B0C3-680D-4315-83A3-218201EC9201}.Release|Any CPU.ActiveCfg = Release|Any CPU
		{D769B0C3-680D-4315-83A3-218201EC9201}.Release|Any CPU.Build.0 = Release|Any CPU
	EndGlobalSection
	GlobalSection(SolutionProperties) = preSolution
		HideSolutionNode = FALSE
	EndGlobalSection
	GlobalSection(ExtensibilityGlobals) = postSolution
		SolutionGuid = {69CC41C1-65AF-4138-A19C-59C759DE27C1}
	EndGlobalSection
EndGlobal
